
Microsoft Visual Studio Solution File, Format Version 12.00
# Visual Studio 15
VisualStudioVersion = 15.0.28010.2048
MinimumVisualStudioVersion = 10.0.40219.1
Project("{888888A0-9F3D-457C-B088-3A5042F75D52}") = "text_classification", "text_classification\text_classification.pyproj", "{59527B68-1E10-4A13-8FD4-56B37ED3ED00}"
EndProject
Global
	GlobalSection(SolutionConfigurationPlatforms) = preSolution
		Debug|Any CPU = Debug|Any CPU
		Release|Any CPU = Release|Any CPU
	EndGlobalSection
	GlobalSection(ProjectConfigurationPlatforms) = postSolution
		{59527B68-1E10-4A13-8FD4-56B37ED3ED00}.Debug|Any CPU.ActiveCfg = Debug|Any CPU
		{59527B68-1E10-4A13-8FD4-56B37ED3ED00}.Release|Any CPU.ActiveCfg = Release|Any CPU
	EndGlobalSection
	GlobalSection(SolutionProperties) = preSolution
		HideSolutionNode = FALSE
	EndGlobalSection
	GlobalSection(ExtensibilityGlobals) = postSolution
		SolutionGuid = {26797245-BC77-437F-86C3-6F91FDCEC1A0}
	EndGlobalSection
EndGlobal
